#MicroXplorer Configuration settings - do not modify
CAD.formats=
CAD.pinconfig=
CAD.provider=
CORTEX_M7.IPParameters=default_mode_Activation
CORTEX_M7.default_mode_Activation=1
CortexM4.IPs=CORTEX_M4\:I,DEBUG,FATFS_M4\:I,FREERTOS_M4\:I,IWDG2\:I,OPENAMP_M4\:I,PDM2PCM_M4\:I,PWR,RCC,RESMGR_UTILITY,SYS_M4\:I,USB_DEVICE_M4\:I,USB_HOST_M4\:I,VREFBUF,WWDG2\:I,GPIO,DMA,BDMA,MDMA,NVIC2\:I
CortexM7.IPs=CORTEX_M7\:I,DEBUG\:I,FATFS_M7\:I,FREERTOS_M7\:I,IWDG1\:I,OPENAMP_M7\:I,PDM2PCM_M7\:I,PWR\:I,RCC\:I,RESMGR_UTILITY\:I,SYS\:I,USB_DEVICE_M7\:I,USB_HOST_M7\:I,VREFBUF\:I,WWDG1\:I,GPIO\:I,DMA\:I,BDMA\:I,MDMA\:I,NVIC1\:I,USART3\:I,SPI1\:I,USART2\:I,I2C1\:I,TIM2\:I,TIM5\:I
CortexM7.Pins=PB14
Dma.I2C1_TX.3.Direction=DMA_MEMORY_TO_PERIPH
Dma.I2C1_TX.3.EventEnable=DISABLE
Dma.I2C1_TX.3.FIFOMode=DMA_FIFOMODE_DISABLE
Dma.I2C1_TX.3.Instance=DMA1_Stream3
Dma.I2C1_TX.3.MemDataAlignment=DMA_MDATAALIGN_BYTE
Dma.I2C1_TX.3.MemInc=DMA_MINC_ENABLE
Dma.I2C1_TX.3.Mode=DMA_NORMAL
Dma.I2C1_TX.3.PeriphDataAlignment=DMA_PDATAALIGN_BYTE
Dma.I2C1_TX.3.PeriphInc=DMA_PINC_DISABLE
Dma.I2C1_TX.3.Polarity=HAL_DMAMUX_REQ_GEN_RISING
Dma.I2C1_TX.3.Priority=DMA_PRIORITY_LOW
Dma.I2C1_TX.3.RequestNumber=1
Dma.I2C1_TX.3.RequestParameters=Instance,Direction,PeriphInc,MemInc,PeriphDataAlignment,MemDataAlignment,Mode,Priority,FIFOMode,SignalID,Polarity,RequestNumber,SyncSignalID,SyncPolarity,SyncEnable,EventEnable,SyncRequestNumber
Dma.I2C1_TX.3.SignalID=NONE
Dma.I2C1_TX.3.SyncEnable=DISABLE
Dma.I2C1_TX.3.SyncPolarity=HAL_DMAMUX_SYNC_NO_EVENT
Dma.I2C1_TX.3.SyncRequestNumber=1
Dma.I2C1_TX.3.SyncSignalID=NONE
Dma.Request0=TIM5_CH4
Dma.Request1=USART2_TX
Dma.Request2=USART2_RX
Dma.Request3=I2C1_TX
Dma.Request4=SPI1_RX
Dma.RequestsNb=5
Dma.SPI1_RX.4.Direction=DMA_PERIPH_TO_MEMORY
Dma.SPI1_RX.4.EventEnable=DISABLE
Dma.SPI1_RX.4.FIFOMode=DMA_FIFOMODE_DISABLE
Dma.SPI1_RX.4.Instance=DMA1_Stream4
Dma.SPI1_RX.4.MemDataAlignment=DMA_MDATAALIGN_BYTE
Dma.SPI1_RX.4.MemInc=DMA_MINC_ENABLE
Dma.SPI1_RX.4.Mode=DMA_NORMAL
Dma.SPI1_RX.4.PeriphDataAlignment=DMA_PDATAALIGN_BYTE
Dma.SPI1_RX.4.PeriphInc=DMA_PINC_DISABLE
Dma.SPI1_RX.4.Polarity=HAL_DMAMUX_REQ_GEN_RISING
Dma.SPI1_RX.4.Priority=DMA_PRIORITY_MEDIUM
Dma.SPI1_RX.4.RequestNumber=1
Dma.SPI1_RX.4.RequestParameters=Instance,Direction,PeriphInc,MemInc,PeriphDataAlignment,MemDataAlignment,Mode,Priority,FIFOMode,SignalID,Polarity,RequestNumber,SyncSignalID,SyncPolarity,SyncEnable,EventEnable,SyncRequestNumber
Dma.SPI1_RX.4.SignalID=NONE
Dma.SPI1_RX.4.SyncEnable=DISABLE
Dma.SPI1_RX.4.SyncPolarity=HAL_DMAMUX_SYNC_NO_EVENT
Dma.SPI1_RX.4.SyncRequestNumber=1
Dma.SPI1_RX.4.SyncSignalID=NONE
Dma.TIM5_CH4.0.Direction=DMA_PERIPH_TO_MEMORY
Dma.TIM5_CH4.0.EventEnable=DISABLE
Dma.TIM5_CH4.0.FIFOMode=DMA_FIFOMODE_DISABLE
Dma.TIM5_CH4.0.Instance=DMA1_Stream0
Dma.TIM5_CH4.0.MemDataAlignment=DMA_MDATAALIGN_WORD
Dma.TIM5_CH4.0.MemInc=DMA_MINC_ENABLE
Dma.TIM5_CH4.0.Mode=DMA_CIRCULAR
Dma.TIM5_CH4.0.PeriphDataAlignment=DMA_PDATAALIGN_WORD
Dma.TIM5_CH4.0.PeriphInc=DMA_PINC_DISABLE
Dma.TIM5_CH4.0.Polarity=HAL_DMAMUX_REQ_GEN_RISING
Dma.TIM5_CH4.0.Priority=DMA_PRIORITY_HIGH
Dma.TIM5_CH4.0.RequestNumber=1
Dma.TIM5_CH4.0.RequestParameters=Instance,Direction,PeriphInc,MemInc,PeriphDataAlignment,MemDataAlignment,Mode,Priority,FIFOMode,SignalID,Polarity,RequestNumber,SyncSignalID,SyncPolarity,SyncEnable,EventEnable,SyncRequestNumber
Dma.TIM5_CH4.0.SignalID=NONE
Dma.TIM5_CH4.0.SyncEnable=DISABLE
Dma.TIM5_CH4.0.SyncPolarity=HAL_DMAMUX_SYNC_NO_EVENT
Dma.TIM5_CH4.0.SyncRequestNumber=1
Dma.TIM5_CH4.0.SyncSignalID=NONE
Dma.USART2_RX.2.Direction=DMA_PERIPH_TO_MEMORY
Dma.USART2_RX.2.EventEnable=DISABLE
Dma.USART2_RX.2.FIFOMode=DMA_FIFOMODE_DISABLE
Dma.USART2_RX.2.Instance=DMA1_Stream2
Dma.USART2_RX.2.MemDataAlignment=DMA_MDATAALIGN_BYTE
Dma.USART2_RX.2.MemInc=DMA_MINC_ENABLE
Dma.USART2_RX.2.Mode=DMA_NORMAL
Dma.USART2_RX.2.PeriphDataAlignment=DMA_PDATAALIGN_BYTE
Dma.USART2_RX.2.PeriphInc=DMA_PINC_DISABLE
Dma.USART2_RX.2.Polarity=HAL_DMAMUX_REQ_GEN_RISING
Dma.USART2_RX.2.Priority=DMA_PRIORITY_LOW
Dma.USART2_RX.2.RequestNumber=1
Dma.USART2_RX.2.RequestParameters=Instance,Direction,PeriphInc,MemInc,PeriphDataAlignment,MemDataAlignment,Mode,Priority,FIFOMode,SignalID,Polarity,RequestNumber,SyncSignalID,SyncPolarity,SyncEnable,EventEnable,SyncRequestNumber
Dma.USART2_RX.2.SignalID=NONE
Dma.USART2_RX.2.SyncEnable=DISABLE
Dma.USART2_RX.2.SyncPolarity=HAL_DMAMUX_SYNC_NO_EVENT
Dma.USART2_RX.2.SyncRequestNumber=1
Dma.USART2_RX.2.SyncSignalID=NONE
Dma.USART2_TX.1.Direction=DMA_MEMORY_TO_PERIPH
Dma.USART2_TX.1.EventEnable=DISABLE
Dma.USART2_TX.1.FIFOMode=DMA_FIFOMODE_DISABLE
Dma.USART2_TX.1.Instance=DMA1_Stream1
Dma.USART2_TX.1.MemDataAlignment=DMA_MDATAALIGN_BYTE
Dma.USART2_TX.1.MemInc=DMA_MINC_ENABLE
Dma.USART2_TX.1.Mode=DMA_NORMAL
Dma.USART2_TX.1.PeriphDataAlignment=DMA_PDATAALIGN_BYTE
Dma.USART2_TX.1.PeriphInc=DMA_PINC_DISABLE
Dma.USART2_TX.1.Polarity=HAL_DMAMUX_REQ_GEN_RISING
Dma.USART2_TX.1.Priority=DMA_PRIORITY_LOW
Dma.USART2_TX.1.RequestNumber=1
Dma.USART2_TX.1.RequestParameters=Instance,Direction,PeriphInc,MemInc,PeriphDataAlignment,MemDataAlignment,Mode,Priority,FIFOMode,SignalID,Polarity,RequestNumber,SyncSignalID,SyncPolarity,SyncEnable,EventEnable,SyncRequestNumber
Dma.USART2_TX.1.SignalID=NONE
Dma.USART2_TX.1.SyncEnable=DISABLE
Dma.USART2_TX.1.SyncPolarity=HAL_DMAMUX_SYNC_NO_EVENT
Dma.USART2_TX.1.SyncRequestNumber=1
Dma.USART2_TX.1.SyncSignalID=NONE
File.Version=6
GPIO.groupedBy=Group By Peripherals
I2C1.I2C_Speed_Mode=I2C_Fast
I2C1.IPParameters=Timing,I2C_Speed_Mode
I2C1.Timing=0x00401959
KeepUserPlacement=false
Mcu.CPN=STM32H755ZIT6
Mcu.Context0=CortexM7
Mcu.Context1=CortexM4
Mcu.ContextNb=2
Mcu.Family=STM32H7
Mcu.IP0=CORTEX_M4
Mcu.IP1=CORTEX_M7
Mcu.IP10=TIM2
Mcu.IP11=TIM5
Mcu.IP12=USART2
Mcu.IP13=USART3
Mcu.IP2=DMA
Mcu.IP3=I2C1
Mcu.IP4=NVIC1
Mcu.IP5=NVIC2
Mcu.IP6=RCC
Mcu.IP7=SPI1
Mcu.IP8=SYS_M4
Mcu.IP9=SYS
Mcu.IPNb=14
Mcu.Name=STM32H755ZITx
Mcu.Package=LQFP144
Mcu.Pin0=PA0
Mcu.Pin1=PA3
Mcu.Pin10=PB5
Mcu.Pin11=PB8
Mcu.Pin12=PB9
Mcu.Pin13=PE1
Mcu.Pin14=VP_SYS_VS_Systick
Mcu.Pin15=VP_SYS_M4_VS_Systick
Mcu.Pin16=VP_TIM2_VS_ClockSourceINT
Mcu.Pin17=VP_TIM5_VS_ClockSourceINT
Mcu.Pin2=PA4
Mcu.Pin3=PA5
Mcu.Pin4=PA6
Mcu.Pin5=PB14
Mcu.Pin6=PD8
Mcu.Pin7=PD9
Mcu.Pin8=PD5
Mcu.Pin9=PD6
Mcu.PinsNb=18
Mcu.ThirdPartyNb=0
Mcu.UserConstants=
Mcu.UserName=STM32H755ZITx
MxCube.Version=6.11.1
MxDb.Version=DB.6.0.111
NVIC1.BusFault_IRQn=true\:0\:0\:false\:false\:true\:false\:false\:false
NVIC1.DMA1_Stream0_IRQn=true\:7\:0\:true\:false\:true\:true\:true\:true
NVIC1.DMA1_Stream1_IRQn=true\:6\:0\:true\:false\:true\:true\:true\:true
NVIC1.DMA1_Stream2_IRQn=true\:6\:0\:true\:false\:true\:true\:true\:true
NVIC1.DMA1_Stream3_IRQn=true\:6\:0\:true\:false\:true\:true\:true\:true
NVIC1.DMA1_Stream4_IRQn=true\:6\:0\:true\:false\:true\:true\:true\:true
NVIC1.DebugMonitor_IRQn=true\:0\:0\:false\:false\:true\:false\:false\:false
NVIC1.ForceEnableDMAVector=false
NVIC1.HardFault_IRQn=true\:0\:0\:false\:false\:true\:false\:false\:false
NVIC1.I2C1_ER_IRQn=true\:0\:0\:false\:false\:true\:true\:true\:true
NVIC1.I2C1_EV_IRQn=true\:6\:0\:true\:false\:true\:true\:true\:true
NVIC1.MemoryManagement_IRQn=true\:0\:0\:false\:false\:true\:false\:false\:false
NVIC1.NonMaskableInt_IRQn=true\:0\:0\:false\:false\:true\:false\:false\:false
NVIC1.PendSV_IRQn=true\:0\:0\:false\:false\:true\:false\:false\:false
NVIC1.PriorityGroup=NVIC_PRIORITYGROUP_4
NVIC1.SPI1_IRQn=true\:6\:0\:true\:false\:true\:true\:true\:true
NVIC1.SVCall_IRQn=true\:0\:0\:false\:false\:true\:false\:false\:false
NVIC1.SysTick_IRQn=true\:15\:0\:false\:false\:true\:false\:true\:false
NVIC1.TIM5_IRQn=true\:6\:0\:true\:false\:true\:true\:true\:true
NVIC1.USART2_IRQn=true\:6\:0\:true\:false\:true\:true\:true\:true
NVIC1.UsageFault_IRQn=true\:0\:0\:false\:false\:true\:false\:false\:false
NVIC2.BusFault_IRQn=true\:0\:0\:false\:false\:true\:false\:false\:false
NVIC2.DebugMonitor_IRQn=true\:0\:0\:false\:false\:true\:false\:false\:false
NVIC2.ForceEnableDMAVector=true
NVIC2.HardFault_IRQn=true\:0\:0\:false\:false\:true\:false\:false\:false
NVIC2.MemoryManagement_IRQn=true\:0\:0\:false\:false\:true\:false\:false\:false
NVIC2.NonMaskableInt_IRQn=true\:0\:0\:false\:false\:true\:false\:false\:false
NVIC2.PendSV_IRQn=true\:0\:0\:false\:false\:true\:false\:false\:false
NVIC2.PriorityGroup=NVIC_PRIORITYGROUP_4
NVIC2.SVCall_IRQn=true\:0\:0\:false\:false\:true\:false\:false\:false
NVIC2.SysTick_IRQn=true\:15\:0\:false\:false\:true\:false\:true\:false
NVIC2.UsageFault_IRQn=true\:0\:0\:false\:false\:true\:false\:false\:false
PA0.GPIOParameters=PinAttribute
PA0.Locked=true
PA0.PinAttribute=CortexM7
PA0.Signal=S_TIM2_CH1_ETR
PA3.GPIOParameters=PinAttribute
PA3.PinAttribute=CortexM7
PA3.Signal=S_TIM5_CH4
PA4.GPIOParameters=PinAttribute
PA4.Locked=true
PA4.Mode=NSS_Signal_Hard_Input
PA4.PinAttribute=CortexM7
PA4.Signal=SPI1_NSS
PA5.GPIOParameters=PinAttribute
PA5.Locked=true
PA5.Mode=Full_Duplex_Slave
PA5.PinAttribute=CortexM7
PA5.Signal=SPI1_SCK
PA6.GPIOParameters=PinAttribute
PA6.Locked=true
PA6.Mode=Full_Duplex_Slave
PA6.PinAttribute=CortexM7
PA6.Signal=SPI1_MISO
PB14.ContextOwner=CortexM7
PB14.GPIOParameters=GPIO_Label,PinAttribute
PB14.GPIO_Label=R_LED
PB14.Locked=true
PB14.PinAttribute=CortexM7
PB14.Signal=GPIO_Output
PB5.GPIOParameters=PinAttribute
PB5.Locked=true
PB5.Mode=Full_Duplex_Slave
PB5.PinAttribute=CortexM7
PB5.Signal=SPI1_MOSI
PB8.GPIOParameters=PinAttribute
PB8.Locked=true
PB8.Mode=I2C
PB8.PinAttribute=CortexM7
PB8.Signal=I2C1_SCL
PB9.GPIOParameters=PinAttribute
PB9.Locked=true
PB9.Mode=I2C
PB9.PinAttribute=CortexM7
PB9.Signal=I2C1_SDA
PD5.GPIOParameters=PinAttribute
PD5.Locked=true
PD5.Mode=Asynchronous
PD5.PinAttribute=CortexM7
PD5.Signal=USART2_TX
PD6.GPIOParameters=PinAttribute
PD6.Locked=true
PD6.Mode=Asynchronous
PD6.PinAttribute=CortexM7
PD6.Signal=USART2_RX
PD8.GPIOParameters=PinAttribute
PD8.Locked=true
PD8.Mode=Asynchronous
PD8.PinAttribute=CortexM7
PD8.Signal=USART3_TX
PD9.GPIOParameters=PinAttribute
PD9.Locked=true
PD9.Mode=Asynchronous
PD9.PinAttribute=CortexM7
PD9.Signal=USART3_RX
PE1.GPIOParameters=GPIO_Label,PinAttribute
PE1.GPIO_Label=Y_LED
PE1.Locked=true
PE1.PinAttribute=Free
PE1.Signal=GPIO_Output
PinOutPanel.RotationAngle=0
ProjectManager.AskForMigrate=true
ProjectManager.BackupPrevious=false
ProjectManager.BootMode=boot0
ProjectManager.CompilerOptimize=6
ProjectManager.ComputerToolchain=false
ProjectManager.CoupleFile=true
ProjectManager.CustomerFirmwarePackage=
ProjectManager.DefaultFWLocation=true
ProjectManager.DeletePrevious=false
ProjectManager.DeviceId=STM32H755ZITx
ProjectManager.FirmwarePackage=STM32Cube FW_H7 V1.11.0
ProjectManager.FreePins=false
ProjectManager.HalAssertFull=false
ProjectManager.HeapSize=M4-0x200,M7-0x200
ProjectManager.KeepUserCode=true
ProjectManager.LastFirmware=false
ProjectManager.LibraryCopy=1
ProjectManager.MainLocation=Core/Src
ProjectManager.NoMain=false
ProjectManager.PreviousToolchain=
ProjectManager.ProjectBuild=false
ProjectManager.ProjectFileName=Genesis_stm.ioc
ProjectManager.ProjectName=Genesis_stm
ProjectManager.ProjectStructure=M7\:CortexM7 Project\:true;M4\:CortexM4 Project\:true;
ProjectManager.RegisterCallBack=
ProjectManager.StackSize=M4-0x400,M7-0x400
ProjectManager.TargetToolchain=Makefile
ProjectManager.ToolChainLocation=
ProjectManager.UAScriptAfterPath=
ProjectManager.UAScriptBeforePath=
ProjectManager.UnderRoot=false
ProjectManager.functionlistsort=1-SystemClock_Config-RCC-false-HAL-false-CortexM7,2-MX_GPIO_Init-GPIO-false-HAL-true-CortexM7,3-MX_DMA_Init-DMA-false-HAL-true-CortexM7,4-MX_SPI1_Init-SPI1-false-HAL-true-CortexM7,5-MX_TIM2_Init-TIM2-false-HAL-true-CortexM7,6-MX_USART2_UART_Init-USART2-false-HAL-true-CortexM7,7-MX_USART3_UART_Init-USART3-false-HAL-true-CortexM7,8-MX_TIM5_Init-TIM5-false-HAL-true-CortexM7,9-MX_I2C1_Init-I2C1-false-HAL-true-CortexM7,1-MX_DMA_Init-DMA-false-HAL-true-CortexM4,0-MX_CORTEX_M7_Init-CORTEX_M7-false-HAL-true-CortexM7,0-MX_CORTEX_M4_Init-CORTEX_M4-false-HAL-true-CortexM4
RCC.ADCFreq_Value=129000000
RCC.AHB12Freq_Value=200000000
RCC.AHB4Freq_Value=200000000
RCC.APB1Freq_Value=50000000
RCC.APB2Freq_Value=100000000
RCC.APB3Freq_Value=100000000
RCC.APB4Freq_Value=100000000
RCC.AXIClockFreq_Value=200000000
RCC.CECFreq_Value=32000
RCC.CKPERFreq_Value=64000000
RCC.CPU2Freq_Value=200000000
RCC.CPU2SystikFreq_Value=200000000
RCC.CortexFreq_Value=200000000
RCC.CpuClockFreq_Value=200000000
RCC.D1CPREFreq_Value=200000000
RCC.D1PPRE=RCC_APB3_DIV2
RCC.D2PPRE1=RCC_APB1_DIV4
RCC.D2PPRE2=RCC_APB2_DIV2
RCC.D3PPRE=RCC_APB4_DIV2
RCC.DFSDMACLkFreq_Value=100000000
RCC.DFSDMFreq_Value=100000000
RCC.DIVM1=4
RCC.DIVN1=25
RCC.DIVP1Freq_Value=200000000
RCC.DIVP2Freq_Value=129000000
RCC.DIVP3Freq_Value=129000000
RCC.DIVQ1=4
RCC.DIVQ1Freq_Value=100000000
RCC.DIVQ2Freq_Value=129000000
RCC.DIVQ3Freq_Value=129000000
RCC.DIVR1Freq_Value=200000000
RCC.DIVR2Freq_Value=129000000
RCC.DIVR3Freq_Value=129000000
RCC.FDCANFreq_Value=100000000
RCC.FMCFreq_Value=200000000
RCC.FamilyName=M
RCC.HCLK3ClockFreq_Value=200000000
RCC.HCLKFreq_Value=200000000
RCC.HRTIMFreq_Value=200000000
RCC.I2C123Freq_Value=50000000
RCC.I2C4Freq_Value=100000000
RCC.IPParameters=ADCFreq_Value,AHB12Freq_Value,AHB4Freq_Value,APB1Freq_Value,APB2Freq_Value,APB3Freq_Value,APB4Freq_Value,AXIClockFreq_Value,CECFreq_Value,CKPERFreq_Value,CPU2Freq_Value,CPU2SystikFreq_Value,CortexFreq_Value,CpuClockFreq_Value,D1CPREFreq_Value,D1PPRE,D2PPRE1,D2PPRE2,D3PPRE,DFSDMACLkFreq_Value,DFSDMFreq_Value,DIVM1,DIVN1,DIVP1Freq_Value,DIVP2Freq_Value,DIVP3Freq_Value,DIVQ1,DIVQ1Freq_Value,DIVQ2Freq_Value,DIVQ3Freq_Value,DIVR1Freq_Value,DIVR2Freq_Value,DIVR3Freq_Value,FDCANFreq_Value,FMCFreq_Value,FamilyName,HCLK3ClockFreq_Value,HCLKFreq_Value,HRTIMFreq_Value,I2C123Freq_Value,I2C4Freq_Value,LPTIM1Freq_Value,LPTIM2Freq_Value,LPTIM345Freq_Value,LPUART1Freq_Value,LTDCFreq_Value,MCO1PinFreq_Value,MCO2PinFreq_Value,PLL2FRACN,PLL3FRACN,PLLFRACN,QSPIFreq_Value,RNGFreq_Value,RTCFreq_Value,SAI1Freq_Value,SAI23Freq_Value,SAI4AFreq_Value,SAI4BFreq_Value,SDMMCFreq_Value,SPDIFRXFreq_Value,SPI123Freq_Value,SPI45Freq_Value,SPI6Freq_Value,SWPMI1Freq_Value,SYSCLKFreq_VALUE,SYSCLKSource,Tim1OutputFreq_Value,Tim2OutputFreq_Value,TraceFreq_Value,USART16Freq_Value,USART234578Freq_Value,USBFreq_Value,VCO1OutputFreq_Value,VCO2OutputFreq_Value,VCO3OutputFreq_Value,VCOInput1Freq_Value,VCOInput2Freq_Value,VCOInput3Freq_Value
RCC.LPTIM1Freq_Value=50000000
RCC.LPTIM2Freq_Value=100000000
RCC.LPTIM345Freq_Value=100000000
RCC.LPUART1Freq_Value=100000000
RCC.LTDCFreq_Value=129000000
RCC.MCO1PinFreq_Value=64000000
RCC.MCO2PinFreq_Value=200000000
RCC.PLL2FRACN=0
RCC.PLL3FRACN=0
RCC.PLLFRACN=0
RCC.QSPIFreq_Value=200000000
RCC.RNGFreq_Value=48000000
RCC.RTCFreq_Value=32000
RCC.SAI1Freq_Value=100000000
RCC.SAI23Freq_Value=100000000
RCC.SAI4AFreq_Value=100000000
RCC.SAI4BFreq_Value=100000000
RCC.SDMMCFreq_Value=100000000
RCC.SPDIFRXFreq_Value=100000000
RCC.SPI123Freq_Value=100000000
RCC.SPI45Freq_Value=100000000
RCC.SPI6Freq_Value=100000000
RCC.SWPMI1Freq_Value=50000000
RCC.SYSCLKFreq_VALUE=200000000
RCC.SYSCLKSource=RCC_SYSCLKSOURCE_PLLCLK
RCC.Tim1OutputFreq_Value=100000000
RCC.Tim2OutputFreq_Value=200000000
RCC.TraceFreq_Value=64000000
RCC.USART16Freq_Value=100000000
RCC.USART234578Freq_Value=50000000
RCC.USBFreq_Value=100000000
RCC.VCO1OutputFreq_Value=400000000
RCC.VCO2OutputFreq_Value=258000000
RCC.VCO3OutputFreq_Value=258000000
RCC.VCOInput1Freq_Value=16000000
RCC.VCOInput2Freq_Value=2000000
RCC.VCOInput3Freq_Value=2000000
SH.S_TIM2_CH1_ETR.0=TIM2_CH1,PWM Generation1 CH1
SH.S_TIM2_CH1_ETR.ConfNb=1
SH.S_TIM5_CH4.0=TIM5_CH4,Input_Capture4_from_TI4
SH.S_TIM5_CH4.ConfNb=1
SPI1.DataSize=SPI_DATASIZE_8BIT
SPI1.Direction=SPI_DIRECTION_2LINES
SPI1.IPParameters=VirtualType,Mode,Direction,VirtualNSS,DataSize
SPI1.Mode=SPI_MODE_SLAVE
SPI1.VirtualNSS=VM_NSSHARD
SPI1.VirtualType=VM_SLAVE
SYS.userName=SYS_M7
TIM2.Channel-PWM\ Generation1\ CH1=TIM_CHANNEL_1
TIM2.IPParameters=Channel-PWM Generation1 CH1,Prescaler,Period
TIM2.Period=320000
TIM2.Prescaler=4
TIM5.Channel-Input_Capture4_from_TI4=TIM_CHANNEL_4
TIM5.IPParameters=Channel-Input_Capture4_from_TI4
USART2.IPParameters=VirtualMode-Asynchronous
USART2.VirtualMode-Asynchronous=VM_ASYNC
USART3.IPParameters=VirtualMode-Asynchronous
USART3.VirtualMode-Asynchronous=VM_ASYNC
VP_SYS_M4_VS_Systick.Mode=SysTick
VP_SYS_M4_VS_Systick.Signal=SYS_M4_VS_Systick
VP_SYS_VS_Systick.Mode=SysTick
VP_SYS_VS_Systick.Signal=SYS_VS_Systick
VP_TIM2_VS_ClockSourceINT.Mode=Internal
VP_TIM2_VS_ClockSourceINT.Signal=TIM2_VS_ClockSourceINT
VP_TIM5_VS_ClockSourceINT.Mode=Internal
VP_TIM5_VS_ClockSourceINT.Signal=TIM5_VS_ClockSourceINT
board=custom
